
Microsoft Visual Studio Solution File, Format Version 12.00
# Visual Studio Version 17
VisualStudioVersion = 17.9.34723.18
MinimumVisualStudioVersion = 10.0.40219.1
Project("{FAE04EC0-301F-11D3-BF4B-00C04F79EFBC}") = "APICatalogo", "APICatalogo\APICatalogo.csproj", "{7516D6E5-D01D-4508-8696-6A88218A137F}"
EndProject
Project("{FAE04EC0-301F-11D3-BF4B-00C04F79EFBC}") = "APICatalogo.Tests", "APICatalogo.Tests\APICatalogo.Tests.csproj", "{2A96A3C7-CEB6-447A-8581-85F28BECE243}"
EndProject
Global
	GlobalSection(SolutionConfigurationPlatforms) = preSolution
		Debug|Any CPU = Debug|Any CPU
		Release|Any CPU = Release|Any CPU
	EndGlobalSection
	GlobalSection(ProjectConfigurationPlatforms) = postSolution
		{7516D6E5-D01D-4508-8696-6A88218A137F}.Debug|Any CPU.ActiveCfg = Debug|Any CPU
		{7516D6E5-D01D-4508-8696-6A88218A137F}.Debug|Any CPU.Build.0 = Debug|Any CPU
		{7516D6E5-D01D-4508-8696-6A88218A137F}.Release|Any CPU.ActiveCfg = Release|Any CPU
		{7516D6E5-D01D-4508-8696-6A88218A137F}.Release|Any CPU.Build.0 = Release|Any CPU
		{2A96A3C7-CEB6-447A-8581-85F28BECE243}.Debug|Any CPU.ActiveCfg = Debug|Any CPU
		{2A96A3C7-CEB6-447A-8581-85F28BECE243}.Debug|Any CPU.Build.0 = Debug|Any CPU
		{2A96A3C7-CEB6-447A-8581-85F28BECE243}.Release|Any CPU.ActiveCfg = Release|Any CPU
		{2A96A3C7-CEB6-447A-8581-85F28BECE243}.Release|Any CPU.Build.0 = Release|Any CPU
	EndGlobalSection
	GlobalSection(SolutionProperties) = preSolution
		HideSolutionNode = FALSE
	EndGlobalSection
	GlobalSection(ExtensibilityGlobals) = postSolution
		SolutionGuid = {B39C5DAC-D012-48BD-B1EE-EAA96155E10F}
	EndGlobalSection
EndGlobal
